
Microsoft Visual Studio Solution File, Format Version 12.00
# Visual Studio 2012
Project("{FAE04EC0-301F-11D3-BF4B-00C04F79EFBC}") = "Singleton", "Singleton\Singleton.csproj", "{416ECBA0-EAC3-4F54-844D-FACB6B87BE43}"
EndProject
Project("{FAE04EC0-301F-11D3-BF4B-00C04F79EFBC}") = "SingletonTest", "SingletonTest\SingletonTest.csproj", "{EC2F3EFD-6815-4CD3-9105-245B0A20F1F4}"
EndProject
Global
	GlobalSection(SolutionConfigurationPlatforms) = preSolution
		Debug|Any CPU = Debug|Any CPU
		Release|Any CPU = Release|Any CPU
	EndGlobalSection
	GlobalSection(ProjectConfigurationPlatforms) = postSolution
		{416ECBA0-EAC3-4F54-844D-FACB6B87BE43}.Debug|Any CPU.ActiveCfg = Debug|Any CPU
		{416ECBA0-EAC3-4F54-844D-FACB6B87BE43}.Debug|Any CPU.Build.0 = Debug|Any CPU
		{416ECBA0-EAC3-4F54-844D-FACB6B87BE43}.Release|Any CPU.ActiveCfg = Release|Any CPU
		{416ECBA0-EAC3-4F54-844D-FACB6B87BE43}.Release|Any CPU.Build.0 = Release|Any CPU
		{EC2F3EFD-6815-4CD3-9105-245B0A20F1F4}.Debug|Any CPU.ActiveCfg = Debug|Any CPU
		{EC2F3EFD-6815-4CD3-9105-245B0A20F1F4}.Debug|Any CPU.Build.0 = Debug|Any CPU
		{EC2F3EFD-6815-4CD3-9105-245B0A20F1F4}.Release|Any CPU.ActiveCfg = Release|Any CPU
		{EC2F3EFD-6815-4CD3-9105-245B0A20F1F4}.Release|Any CPU.Build.0 = Release|Any CPU
	EndGlobalSection
	GlobalSection(SolutionProperties) = preSolution
		HideSolutionNode = FALSE
	EndGlobalSection
EndGlobal
